{
  "name": "@adenta/monorepo",
  "version": "1.0.0",
  "lockfileVersion": 3,
  "requires": true,
  "packages": {
    "": {
      "name": "@adenta/monorepo",
      "version": "1.0.0",
      "license": "ISC",
      "workspaces": [
        "packages/core",
        "packages/ui",
        "packages/cli"
      ]
    },
    "node_modules/cli": {
      "resolved": "packages/cli",
      "link": true
    },
    "node_modules/core": {
      "resolved": "packages/core",
      "link": true
    },
    "node_modules/ui": {
      "resolved": "packages/ui",
      "link": true
    },
    "packages/cli": {
      "version": "1.0.0",
      "license": "ISC",
      "devDependencies": {}
    },
    "packages/core": {
      "version": "1.0.0",
      "license": "ISC"
    },
    "packages/ui": {
      "version": "1.0.0",
      "license": "ISC",
      "devDependencies": {}
    }
  }
}
